{
  "requires": true,
  "lockfileVersion": 1,
  "dependencies": {
    "mysql": {
      "version": "2.16.0",
      "resolved": "http://registry.npm.taobao.org/mysql/download/mysql-2.16.0.tgz",
      "dev": true,
      "dependencies": {
        "bignumber.js": {
          "version": "http://registry.npm.taobao.org/bignumber.js/download/bignumber.js-4.1.0.tgz",
          "bundled": true
        },
        "readable-stream": {
          "version": "http://registry.npm.taobao.org/readable-stream/download/readable-stream-2.3.6.tgz",
          "bundled": true
        },
        "safe-buffer": {
          "version": "http://registry.npm.taobao.org/safe-buffer/download/safe-buffer-5.1.2.tgz",
          "bundled": true
        },
        "sqlstring": {
          "version": "http://registry.npm.taobao.org/sqlstring/download/sqlstring-2.3.1.tgz",
          "bundled": true
        }
      }
    }
  }
}
